
Microsoft Visual Studio Solution File, Format Version 12.00
# Visual Studio Express 2013 for Windows Desktop
VisualStudioVersion = 12.0.21005.1
MinimumVisualStudioVersion = 10.0.40219.1
Project("{8BC9CEB8-8B4A-11D0-8D11-00A0C91BC942}") = "HelloWorld", "HelloWorld\HelloWorld.vcxproj", "{775FCFEB-87D2-4450-92A0-F1A53F2F94B3}"
EndProject
Project("{8BC9CEB8-8B4A-11D0-8D11-00A0C91BC942}") = "Listener", "Listener\Listener.vcxproj", "{8CAD0CB0-100E-4787-98E4-9C669F925E59}"
EndProject
Project("{8BC9CEB8-8B4A-11D0-8D11-00A0C91BC942}") = "Overlapped", "Overlapped\Overlapped.vcxproj", "{8A68EF78-4CA5-4E04-8C84-3410B5C8DF48}"
EndProject
Project("{8BC9CEB8-8B4A-11D0-8D11-00A0C91BC942}") = "Serial", "Serial\Serial.vcxproj", "{AF52DD6C-277A-417A-AAF3-1E429033A6BA}"
EndProject
Project("{8BC9CEB8-8B4A-11D0-8D11-00A0C91BC942}") = "SerialTestMFC", "SerialTestMFC\SerialTestMFC.vcxproj", "{DB78E6CE-269E-4806-9E98-C333140FB729}"
EndProject
Global
	GlobalSection(SolutionConfigurationPlatforms) = preSolution
		Debug Unicode|Win32 = Debug Unicode|Win32
		Debug|Win32 = Debug|Win32
		Release Unicode|Win32 = Release Unicode|Win32
		Release|Win32 = Release|Win32
		Template|Win32 = Template|Win32
	EndGlobalSection
	GlobalSection(ProjectConfigurationPlatforms) = postSolution
		{775FCFEB-87D2-4450-92A0-F1A53F2F94B3}.Debug Unicode|Win32.ActiveCfg = Debug Unicode|Win32
		{775FCFEB-87D2-4450-92A0-F1A53F2F94B3}.Debug Unicode|Win32.Build.0 = Debug Unicode|Win32
		{775FCFEB-87D2-4450-92A0-F1A53F2F94B3}.Debug|Win32.ActiveCfg = Debug|Win32
		{775FCFEB-87D2-4450-92A0-F1A53F2F94B3}.Debug|Win32.Build.0 = Debug|Win32
		{775FCFEB-87D2-4450-92A0-F1A53F2F94B3}.Release Unicode|Win32.ActiveCfg = Release Unicode|Win32
		{775FCFEB-87D2-4450-92A0-F1A53F2F94B3}.Release Unicode|Win32.Build.0 = Release Unicode|Win32
		{775FCFEB-87D2-4450-92A0-F1A53F2F94B3}.Release|Win32.ActiveCfg = Release|Win32
		{775FCFEB-87D2-4450-92A0-F1A53F2F94B3}.Release|Win32.Build.0 = Release|Win32
		{775FCFEB-87D2-4450-92A0-F1A53F2F94B3}.Template|Win32.ActiveCfg = Release Unicode|Win32
		{775FCFEB-87D2-4450-92A0-F1A53F2F94B3}.Template|Win32.Build.0 = Release Unicode|Win32
		{8CAD0CB0-100E-4787-98E4-9C669F925E59}.Debug Unicode|Win32.ActiveCfg = Debug Unicode|Win32
		{8CAD0CB0-100E-4787-98E4-9C669F925E59}.Debug Unicode|Win32.Build.0 = Debug Unicode|Win32
		{8CAD0CB0-100E-4787-98E4-9C669F925E59}.Debug|Win32.ActiveCfg = Debug|Win32
		{8CAD0CB0-100E-4787-98E4-9C669F925E59}.Debug|Win32.Build.0 = Debug|Win32
		{8CAD0CB0-100E-4787-98E4-9C669F925E59}.Release Unicode|Win32.ActiveCfg = Release Unicode|Win32
		{8CAD0CB0-100E-4787-98E4-9C669F925E59}.Release Unicode|Win32.Build.0 = Release Unicode|Win32
		{8CAD0CB0-100E-4787-98E4-9C669F925E59}.Release|Win32.ActiveCfg = Release|Win32
		{8CAD0CB0-100E-4787-98E4-9C669F925E59}.Release|Win32.Build.0 = Release|Win32
		{8CAD0CB0-100E-4787-98E4-9C669F925E59}.Template|Win32.ActiveCfg = Template|Win32
		{8CAD0CB0-100E-4787-98E4-9C669F925E59}.Template|Win32.Build.0 = Template|Win32
		{8A68EF78-4CA5-4E04-8C84-3410B5C8DF48}.Debug Unicode|Win32.ActiveCfg = Debug Unicode|Win32
		{8A68EF78-4CA5-4E04-8C84-3410B5C8DF48}.Debug Unicode|Win32.Build.0 = Debug Unicode|Win32
		{8A68EF78-4CA5-4E04-8C84-3410B5C8DF48}.Debug|Win32.ActiveCfg = Debug|Win32
		{8A68EF78-4CA5-4E04-8C84-3410B5C8DF48}.Debug|Win32.Build.0 = Debug|Win32
		{8A68EF78-4CA5-4E04-8C84-3410B5C8DF48}.Release Unicode|Win32.ActiveCfg = Release Unicode|Win32
		{8A68EF78-4CA5-4E04-8C84-3410B5C8DF48}.Release Unicode|Win32.Build.0 = Release Unicode|Win32
		{8A68EF78-4CA5-4E04-8C84-3410B5C8DF48}.Release|Win32.ActiveCfg = Release|Win32
		{8A68EF78-4CA5-4E04-8C84-3410B5C8DF48}.Release|Win32.Build.0 = Release|Win32
		{8A68EF78-4CA5-4E04-8C84-3410B5C8DF48}.Template|Win32.ActiveCfg = Template|Win32
		{8A68EF78-4CA5-4E04-8C84-3410B5C8DF48}.Template|Win32.Build.0 = Template|Win32
		{AF52DD6C-277A-417A-AAF3-1E429033A6BA}.Debug Unicode|Win32.ActiveCfg = Debug Unicode|Win32
		{AF52DD6C-277A-417A-AAF3-1E429033A6BA}.Debug Unicode|Win32.Build.0 = Debug Unicode|Win32
		{AF52DD6C-277A-417A-AAF3-1E429033A6BA}.Debug|Win32.ActiveCfg = Debug|Win32
		{AF52DD6C-277A-417A-AAF3-1E429033A6BA}.Debug|Win32.Build.0 = Debug|Win32
		{AF52DD6C-277A-417A-AAF3-1E429033A6BA}.Release Unicode|Win32.ActiveCfg = Release Unicode|Win32
		{AF52DD6C-277A-417A-AAF3-1E429033A6BA}.Release Unicode|Win32.Build.0 = Release Unicode|Win32
		{AF52DD6C-277A-417A-AAF3-1E429033A6BA}.Release|Win32.ActiveCfg = Release|Win32
		{AF52DD6C-277A-417A-AAF3-1E429033A6BA}.Release|Win32.Build.0 = Release|Win32
		{AF52DD6C-277A-417A-AAF3-1E429033A6BA}.Template|Win32.ActiveCfg = Template|Win32
		{AF52DD6C-277A-417A-AAF3-1E429033A6BA}.Template|Win32.Build.0 = Template|Win32
		{DB78E6CE-269E-4806-9E98-C333140FB729}.Debug Unicode|Win32.ActiveCfg = Debug Unicode|Win32
		{DB78E6CE-269E-4806-9E98-C333140FB729}.Debug Unicode|Win32.Build.0 = Debug Unicode|Win32
		{DB78E6CE-269E-4806-9E98-C333140FB729}.Debug|Win32.ActiveCfg = Debug|Win32
		{DB78E6CE-269E-4806-9E98-C333140FB729}.Debug|Win32.Build.0 = Debug|Win32
		{DB78E6CE-269E-4806-9E98-C333140FB729}.Release Unicode|Win32.ActiveCfg = Release Unicode|Win32
		{DB78E6CE-269E-4806-9E98-C333140FB729}.Release Unicode|Win32.Build.0 = Release Unicode|Win32
		{DB78E6CE-269E-4806-9E98-C333140FB729}.Release|Win32.ActiveCfg = Release|Win32
		{DB78E6CE-269E-4806-9E98-C333140FB729}.Release|Win32.Build.0 = Release|Win32
		{DB78E6CE-269E-4806-9E98-C333140FB729}.Template|Win32.ActiveCfg = Template|Win32
		{DB78E6CE-269E-4806-9E98-C333140FB729}.Template|Win32.Build.0 = Template|Win32
	EndGlobalSection
	GlobalSection(SolutionProperties) = preSolution
		HideSolutionNode = FALSE
	EndGlobalSection
EndGlobal
