
Microsoft Visual Studio Solution File, Format Version 12.00
# Visual Studio Express 2013 for Windows Desktop
VisualStudioVersion = 12.0.21005.1
MinimumVisualStudioVersion = 10.0.40219.1
Project("{8BC9CEB8-8B4A-11D0-8D11-00A0C91BC942}") = "HelloWorld", "HelloWorld\HelloWorld.vcxproj", "{E72B2BDF-F7A6-47BB-9B28-C553A59F3116}"
EndProject
Project("{8BC9CEB8-8B4A-11D0-8D11-00A0C91BC942}") = "Listener", "Listener\Listener.vcxproj", "{CA76901B-B20B-45E0-A7CC-2B2290F26B43}"
EndProject
Project("{8BC9CEB8-8B4A-11D0-8D11-00A0C91BC942}") = "Overlapped", "Overlapped\Overlapped.vcxproj", "{8C1D3F80-42AA-4C14-9BFE-C8B1B6C3384D}"
EndProject
Project("{8BC9CEB8-8B4A-11D0-8D11-00A0C91BC942}") = "Serial", "Serial\Serial.vcxproj", "{B29729FB-F0B4-4058-A74C-95B88D40E49F}"
EndProject
Project("{8BC9CEB8-8B4A-11D0-8D11-00A0C91BC942}") = "SerialTestMFC", "SerialTestMFC\SerialTestMFC.vcxproj", "{1FB5C3EB-BC8F-4D59-A6AB-59379B21B78D}"
EndProject
Global
	GlobalSection(SolutionConfigurationPlatforms) = preSolution
		Debug Unicode|Win32 = Debug Unicode|Win32
		Debug|Win32 = Debug|Win32
		Release Unicode|Win32 = Release Unicode|Win32
		Release|Win32 = Release|Win32
		Template|Win32 = Template|Win32
	EndGlobalSection
	GlobalSection(ProjectConfigurationPlatforms) = postSolution
		{E72B2BDF-F7A6-47BB-9B28-C553A59F3116}.Debug Unicode|Win32.ActiveCfg = Debug Unicode|Win32
		{E72B2BDF-F7A6-47BB-9B28-C553A59F3116}.Debug Unicode|Win32.Build.0 = Debug Unicode|Win32
		{E72B2BDF-F7A6-47BB-9B28-C553A59F3116}.Debug|Win32.ActiveCfg = Debug|Win32
		{E72B2BDF-F7A6-47BB-9B28-C553A59F3116}.Debug|Win32.Build.0 = Debug|Win32
		{E72B2BDF-F7A6-47BB-9B28-C553A59F3116}.Release Unicode|Win32.ActiveCfg = Release Unicode|Win32
		{E72B2BDF-F7A6-47BB-9B28-C553A59F3116}.Release Unicode|Win32.Build.0 = Release Unicode|Win32
		{E72B2BDF-F7A6-47BB-9B28-C553A59F3116}.Release|Win32.ActiveCfg = Release|Win32
		{E72B2BDF-F7A6-47BB-9B28-C553A59F3116}.Release|Win32.Build.0 = Release|Win32
		{E72B2BDF-F7A6-47BB-9B28-C553A59F3116}.Template|Win32.ActiveCfg = Release Unicode|Win32
		{E72B2BDF-F7A6-47BB-9B28-C553A59F3116}.Template|Win32.Build.0 = Release Unicode|Win32
		{CA76901B-B20B-45E0-A7CC-2B2290F26B43}.Debug Unicode|Win32.ActiveCfg = Debug Unicode|Win32
		{CA76901B-B20B-45E0-A7CC-2B2290F26B43}.Debug Unicode|Win32.Build.0 = Debug Unicode|Win32
		{CA76901B-B20B-45E0-A7CC-2B2290F26B43}.Debug|Win32.ActiveCfg = Debug|Win32
		{CA76901B-B20B-45E0-A7CC-2B2290F26B43}.Debug|Win32.Build.0 = Debug|Win32
		{CA76901B-B20B-45E0-A7CC-2B2290F26B43}.Release Unicode|Win32.ActiveCfg = Release Unicode|Win32
		{CA76901B-B20B-45E0-A7CC-2B2290F26B43}.Release Unicode|Win32.Build.0 = Release Unicode|Win32
		{CA76901B-B20B-45E0-A7CC-2B2290F26B43}.Release|Win32.ActiveCfg = Release|Win32
		{CA76901B-B20B-45E0-A7CC-2B2290F26B43}.Release|Win32.Build.0 = Release|Win32
		{CA76901B-B20B-45E0-A7CC-2B2290F26B43}.Template|Win32.ActiveCfg = Template|Win32
		{CA76901B-B20B-45E0-A7CC-2B2290F26B43}.Template|Win32.Build.0 = Template|Win32
		{8C1D3F80-42AA-4C14-9BFE-C8B1B6C3384D}.Debug Unicode|Win32.ActiveCfg = Debug Unicode|Win32
		{8C1D3F80-42AA-4C14-9BFE-C8B1B6C3384D}.Debug Unicode|Win32.Build.0 = Debug Unicode|Win32
		{8C1D3F80-42AA-4C14-9BFE-C8B1B6C3384D}.Debug|Win32.ActiveCfg = Debug|Win32
		{8C1D3F80-42AA-4C14-9BFE-C8B1B6C3384D}.Debug|Win32.Build.0 = Debug|Win32
		{8C1D3F80-42AA-4C14-9BFE-C8B1B6C3384D}.Release Unicode|Win32.ActiveCfg = Release Unicode|Win32
		{8C1D3F80-42AA-4C14-9BFE-C8B1B6C3384D}.Release Unicode|Win32.Build.0 = Release Unicode|Win32
		{8C1D3F80-42AA-4C14-9BFE-C8B1B6C3384D}.Release|Win32.ActiveCfg = Release|Win32
		{8C1D3F80-42AA-4C14-9BFE-C8B1B6C3384D}.Release|Win32.Build.0 = Release|Win32
		{8C1D3F80-42AA-4C14-9BFE-C8B1B6C3384D}.Template|Win32.ActiveCfg = Template|Win32
		{8C1D3F80-42AA-4C14-9BFE-C8B1B6C3384D}.Template|Win32.Build.0 = Template|Win32
		{B29729FB-F0B4-4058-A74C-95B88D40E49F}.Debug Unicode|Win32.ActiveCfg = Debug Unicode|Win32
		{B29729FB-F0B4-4058-A74C-95B88D40E49F}.Debug Unicode|Win32.Build.0 = Debug Unicode|Win32
		{B29729FB-F0B4-4058-A74C-95B88D40E49F}.Debug|Win32.ActiveCfg = Debug|Win32
		{B29729FB-F0B4-4058-A74C-95B88D40E49F}.Debug|Win32.Build.0 = Debug|Win32
		{B29729FB-F0B4-4058-A74C-95B88D40E49F}.Release Unicode|Win32.ActiveCfg = Release Unicode|Win32
		{B29729FB-F0B4-4058-A74C-95B88D40E49F}.Release Unicode|Win32.Build.0 = Release Unicode|Win32
		{B29729FB-F0B4-4058-A74C-95B88D40E49F}.Release|Win32.ActiveCfg = Release|Win32
		{B29729FB-F0B4-4058-A74C-95B88D40E49F}.Release|Win32.Build.0 = Release|Win32
		{B29729FB-F0B4-4058-A74C-95B88D40E49F}.Template|Win32.ActiveCfg = Template|Win32
		{B29729FB-F0B4-4058-A74C-95B88D40E49F}.Template|Win32.Build.0 = Template|Win32
		{1FB5C3EB-BC8F-4D59-A6AB-59379B21B78D}.Debug Unicode|Win32.ActiveCfg = Debug Unicode|Win32
		{1FB5C3EB-BC8F-4D59-A6AB-59379B21B78D}.Debug Unicode|Win32.Build.0 = Debug Unicode|Win32
		{1FB5C3EB-BC8F-4D59-A6AB-59379B21B78D}.Debug|Win32.ActiveCfg = Debug|Win32
		{1FB5C3EB-BC8F-4D59-A6AB-59379B21B78D}.Debug|Win32.Build.0 = Debug|Win32
		{1FB5C3EB-BC8F-4D59-A6AB-59379B21B78D}.Release Unicode|Win32.ActiveCfg = Release Unicode|Win32
		{1FB5C3EB-BC8F-4D59-A6AB-59379B21B78D}.Release Unicode|Win32.Build.0 = Release Unicode|Win32
		{1FB5C3EB-BC8F-4D59-A6AB-59379B21B78D}.Release|Win32.ActiveCfg = Release|Win32
		{1FB5C3EB-BC8F-4D59-A6AB-59379B21B78D}.Release|Win32.Build.0 = Release|Win32
		{1FB5C3EB-BC8F-4D59-A6AB-59379B21B78D}.Template|Win32.ActiveCfg = Template|Win32
		{1FB5C3EB-BC8F-4D59-A6AB-59379B21B78D}.Template|Win32.Build.0 = Template|Win32
	EndGlobalSection
	GlobalSection(SolutionProperties) = preSolution
		HideSolutionNode = FALSE
	EndGlobalSection
EndGlobal
