
Microsoft Visual Studio Solution File, Format Version 12.00
# Visual Studio Express 2013 for Windows Desktop
VisualStudioVersion = 12.0.21005.1
MinimumVisualStudioVersion = 10.0.40219.1
Project("{8BC9CEB8-8B4A-11D0-8D11-00A0C91BC942}") = "HelloWorld", "HelloWorld\HelloWorld.vcxproj", "{66E311AC-22F0-45D4-8211-197CB28598F8}"
EndProject
Project("{8BC9CEB8-8B4A-11D0-8D11-00A0C91BC942}") = "Listener", "Listener\Listener.vcxproj", "{17B63BBE-5018-4D7D-BDF1-2239E42E1B59}"
EndProject
Project("{8BC9CEB8-8B4A-11D0-8D11-00A0C91BC942}") = "Overlapped", "Overlapped\Overlapped.vcxproj", "{25C25704-8022-4DD4-800B-BF24D872D362}"
EndProject
Project("{8BC9CEB8-8B4A-11D0-8D11-00A0C91BC942}") = "Serial", "Serial\Serial.vcxproj", "{D4189A82-A1FE-4235-BE63-BEC0CB1038F9}"
EndProject
Project("{8BC9CEB8-8B4A-11D0-8D11-00A0C91BC942}") = "SerialTestMFC", "SerialTestMFC\SerialTestMFC.vcxproj", "{7A2DCEEC-D646-4224-AFBB-4E9F443900F3}"
EndProject
Global
	GlobalSection(SolutionConfigurationPlatforms) = preSolution
		Debug Unicode|Win32 = Debug Unicode|Win32
		Debug|Win32 = Debug|Win32
		Release Unicode|Win32 = Release Unicode|Win32
		Release|Win32 = Release|Win32
		Template|Win32 = Template|Win32
	EndGlobalSection
	GlobalSection(ProjectConfigurationPlatforms) = postSolution
		{66E311AC-22F0-45D4-8211-197CB28598F8}.Debug Unicode|Win32.ActiveCfg = Debug Unicode|Win32
		{66E311AC-22F0-45D4-8211-197CB28598F8}.Debug Unicode|Win32.Build.0 = Debug Unicode|Win32
		{66E311AC-22F0-45D4-8211-197CB28598F8}.Debug|Win32.ActiveCfg = Debug|Win32
		{66E311AC-22F0-45D4-8211-197CB28598F8}.Debug|Win32.Build.0 = Debug|Win32
		{66E311AC-22F0-45D4-8211-197CB28598F8}.Release Unicode|Win32.ActiveCfg = Release Unicode|Win32
		{66E311AC-22F0-45D4-8211-197CB28598F8}.Release Unicode|Win32.Build.0 = Release Unicode|Win32
		{66E311AC-22F0-45D4-8211-197CB28598F8}.Release|Win32.ActiveCfg = Release|Win32
		{66E311AC-22F0-45D4-8211-197CB28598F8}.Release|Win32.Build.0 = Release|Win32
		{66E311AC-22F0-45D4-8211-197CB28598F8}.Template|Win32.ActiveCfg = Release Unicode|Win32
		{66E311AC-22F0-45D4-8211-197CB28598F8}.Template|Win32.Build.0 = Release Unicode|Win32
		{17B63BBE-5018-4D7D-BDF1-2239E42E1B59}.Debug Unicode|Win32.ActiveCfg = Debug Unicode|Win32
		{17B63BBE-5018-4D7D-BDF1-2239E42E1B59}.Debug Unicode|Win32.Build.0 = Debug Unicode|Win32
		{17B63BBE-5018-4D7D-BDF1-2239E42E1B59}.Debug|Win32.ActiveCfg = Debug|Win32
		{17B63BBE-5018-4D7D-BDF1-2239E42E1B59}.Debug|Win32.Build.0 = Debug|Win32
		{17B63BBE-5018-4D7D-BDF1-2239E42E1B59}.Release Unicode|Win32.ActiveCfg = Release Unicode|Win32
		{17B63BBE-5018-4D7D-BDF1-2239E42E1B59}.Release Unicode|Win32.Build.0 = Release Unicode|Win32
		{17B63BBE-5018-4D7D-BDF1-2239E42E1B59}.Release|Win32.ActiveCfg = Release|Win32
		{17B63BBE-5018-4D7D-BDF1-2239E42E1B59}.Release|Win32.Build.0 = Release|Win32
		{17B63BBE-5018-4D7D-BDF1-2239E42E1B59}.Template|Win32.ActiveCfg = Template|Win32
		{17B63BBE-5018-4D7D-BDF1-2239E42E1B59}.Template|Win32.Build.0 = Template|Win32
		{25C25704-8022-4DD4-800B-BF24D872D362}.Debug Unicode|Win32.ActiveCfg = Debug Unicode|Win32
		{25C25704-8022-4DD4-800B-BF24D872D362}.Debug Unicode|Win32.Build.0 = Debug Unicode|Win32
		{25C25704-8022-4DD4-800B-BF24D872D362}.Debug|Win32.ActiveCfg = Debug|Win32
		{25C25704-8022-4DD4-800B-BF24D872D362}.Debug|Win32.Build.0 = Debug|Win32
		{25C25704-8022-4DD4-800B-BF24D872D362}.Release Unicode|Win32.ActiveCfg = Release Unicode|Win32
		{25C25704-8022-4DD4-800B-BF24D872D362}.Release Unicode|Win32.Build.0 = Release Unicode|Win32
		{25C25704-8022-4DD4-800B-BF24D872D362}.Release|Win32.ActiveCfg = Release|Win32
		{25C25704-8022-4DD4-800B-BF24D872D362}.Release|Win32.Build.0 = Release|Win32
		{25C25704-8022-4DD4-800B-BF24D872D362}.Template|Win32.ActiveCfg = Template|Win32
		{25C25704-8022-4DD4-800B-BF24D872D362}.Template|Win32.Build.0 = Template|Win32
		{D4189A82-A1FE-4235-BE63-BEC0CB1038F9}.Debug Unicode|Win32.ActiveCfg = Debug Unicode|Win32
		{D4189A82-A1FE-4235-BE63-BEC0CB1038F9}.Debug Unicode|Win32.Build.0 = Debug Unicode|Win32
		{D4189A82-A1FE-4235-BE63-BEC0CB1038F9}.Debug|Win32.ActiveCfg = Debug|Win32
		{D4189A82-A1FE-4235-BE63-BEC0CB1038F9}.Debug|Win32.Build.0 = Debug|Win32
		{D4189A82-A1FE-4235-BE63-BEC0CB1038F9}.Release Unicode|Win32.ActiveCfg = Release Unicode|Win32
		{D4189A82-A1FE-4235-BE63-BEC0CB1038F9}.Release Unicode|Win32.Build.0 = Release Unicode|Win32
		{D4189A82-A1FE-4235-BE63-BEC0CB1038F9}.Release|Win32.ActiveCfg = Release|Win32
		{D4189A82-A1FE-4235-BE63-BEC0CB1038F9}.Release|Win32.Build.0 = Release|Win32
		{D4189A82-A1FE-4235-BE63-BEC0CB1038F9}.Template|Win32.ActiveCfg = Template|Win32
		{D4189A82-A1FE-4235-BE63-BEC0CB1038F9}.Template|Win32.Build.0 = Template|Win32
		{7A2DCEEC-D646-4224-AFBB-4E9F443900F3}.Debug Unicode|Win32.ActiveCfg = Debug Unicode|Win32
		{7A2DCEEC-D646-4224-AFBB-4E9F443900F3}.Debug Unicode|Win32.Build.0 = Debug Unicode|Win32
		{7A2DCEEC-D646-4224-AFBB-4E9F443900F3}.Debug|Win32.ActiveCfg = Debug|Win32
		{7A2DCEEC-D646-4224-AFBB-4E9F443900F3}.Debug|Win32.Build.0 = Debug|Win32
		{7A2DCEEC-D646-4224-AFBB-4E9F443900F3}.Release Unicode|Win32.ActiveCfg = Release Unicode|Win32
		{7A2DCEEC-D646-4224-AFBB-4E9F443900F3}.Release Unicode|Win32.Build.0 = Release Unicode|Win32
		{7A2DCEEC-D646-4224-AFBB-4E9F443900F3}.Release|Win32.ActiveCfg = Release|Win32
		{7A2DCEEC-D646-4224-AFBB-4E9F443900F3}.Release|Win32.Build.0 = Release|Win32
		{7A2DCEEC-D646-4224-AFBB-4E9F443900F3}.Template|Win32.ActiveCfg = Template|Win32
		{7A2DCEEC-D646-4224-AFBB-4E9F443900F3}.Template|Win32.Build.0 = Template|Win32
	EndGlobalSection
	GlobalSection(SolutionProperties) = preSolution
		HideSolutionNode = FALSE
	EndGlobalSection
EndGlobal
