
Microsoft Visual Studio Solution File, Format Version 12.00
# Visual Studio Express 2013 for Windows Desktop
VisualStudioVersion = 12.0.21005.1
MinimumVisualStudioVersion = 10.0.40219.1
Project("{8BC9CEB8-8B4A-11D0-8D11-00A0C91BC942}") = "HelloWorld", "HelloWorld\HelloWorld.vcxproj", "{CC6E9ABD-F533-432A-B325-4614DD1D03C0}"
EndProject
Project("{8BC9CEB8-8B4A-11D0-8D11-00A0C91BC942}") = "Listener", "Listener\Listener.vcxproj", "{599E1849-DA9A-41B0-B7C2-487BCB74720E}"
EndProject
Project("{8BC9CEB8-8B4A-11D0-8D11-00A0C91BC942}") = "Overlapped", "Overlapped\Overlapped.vcxproj", "{FA01B726-9CF3-4FC5-81A6-5078E0BE0ECE}"
EndProject
Project("{8BC9CEB8-8B4A-11D0-8D11-00A0C91BC942}") = "Serial", "Serial\Serial.vcxproj", "{8A2728C5-5D11-4861-9404-67627ABDE990}"
EndProject
Project("{8BC9CEB8-8B4A-11D0-8D11-00A0C91BC942}") = "SerialTestMFC", "SerialTestMFC\SerialTestMFC.vcxproj", "{7E4F5E85-82C8-4B7D-B66F-B64BC409D0EC}"
EndProject
Global
	GlobalSection(SolutionConfigurationPlatforms) = preSolution
		Debug Unicode|Win32 = Debug Unicode|Win32
		Debug|Win32 = Debug|Win32
		Release Unicode|Win32 = Release Unicode|Win32
		Release|Win32 = Release|Win32
		Template|Win32 = Template|Win32
	EndGlobalSection
	GlobalSection(ProjectConfigurationPlatforms) = postSolution
		{CC6E9ABD-F533-432A-B325-4614DD1D03C0}.Debug Unicode|Win32.ActiveCfg = Debug Unicode|Win32
		{CC6E9ABD-F533-432A-B325-4614DD1D03C0}.Debug Unicode|Win32.Build.0 = Debug Unicode|Win32
		{CC6E9ABD-F533-432A-B325-4614DD1D03C0}.Debug|Win32.ActiveCfg = Debug|Win32
		{CC6E9ABD-F533-432A-B325-4614DD1D03C0}.Debug|Win32.Build.0 = Debug|Win32
		{CC6E9ABD-F533-432A-B325-4614DD1D03C0}.Release Unicode|Win32.ActiveCfg = Release Unicode|Win32
		{CC6E9ABD-F533-432A-B325-4614DD1D03C0}.Release Unicode|Win32.Build.0 = Release Unicode|Win32
		{CC6E9ABD-F533-432A-B325-4614DD1D03C0}.Release|Win32.ActiveCfg = Release|Win32
		{CC6E9ABD-F533-432A-B325-4614DD1D03C0}.Release|Win32.Build.0 = Release|Win32
		{CC6E9ABD-F533-432A-B325-4614DD1D03C0}.Template|Win32.ActiveCfg = Release Unicode|Win32
		{CC6E9ABD-F533-432A-B325-4614DD1D03C0}.Template|Win32.Build.0 = Release Unicode|Win32
		{599E1849-DA9A-41B0-B7C2-487BCB74720E}.Debug Unicode|Win32.ActiveCfg = Debug Unicode|Win32
		{599E1849-DA9A-41B0-B7C2-487BCB74720E}.Debug Unicode|Win32.Build.0 = Debug Unicode|Win32
		{599E1849-DA9A-41B0-B7C2-487BCB74720E}.Debug|Win32.ActiveCfg = Debug|Win32
		{599E1849-DA9A-41B0-B7C2-487BCB74720E}.Debug|Win32.Build.0 = Debug|Win32
		{599E1849-DA9A-41B0-B7C2-487BCB74720E}.Release Unicode|Win32.ActiveCfg = Release Unicode|Win32
		{599E1849-DA9A-41B0-B7C2-487BCB74720E}.Release Unicode|Win32.Build.0 = Release Unicode|Win32
		{599E1849-DA9A-41B0-B7C2-487BCB74720E}.Release|Win32.ActiveCfg = Release|Win32
		{599E1849-DA9A-41B0-B7C2-487BCB74720E}.Release|Win32.Build.0 = Release|Win32
		{599E1849-DA9A-41B0-B7C2-487BCB74720E}.Template|Win32.ActiveCfg = Template|Win32
		{599E1849-DA9A-41B0-B7C2-487BCB74720E}.Template|Win32.Build.0 = Template|Win32
		{FA01B726-9CF3-4FC5-81A6-5078E0BE0ECE}.Debug Unicode|Win32.ActiveCfg = Debug Unicode|Win32
		{FA01B726-9CF3-4FC5-81A6-5078E0BE0ECE}.Debug Unicode|Win32.Build.0 = Debug Unicode|Win32
		{FA01B726-9CF3-4FC5-81A6-5078E0BE0ECE}.Debug|Win32.ActiveCfg = Debug|Win32
		{FA01B726-9CF3-4FC5-81A6-5078E0BE0ECE}.Debug|Win32.Build.0 = Debug|Win32
		{FA01B726-9CF3-4FC5-81A6-5078E0BE0ECE}.Release Unicode|Win32.ActiveCfg = Release Unicode|Win32
		{FA01B726-9CF3-4FC5-81A6-5078E0BE0ECE}.Release Unicode|Win32.Build.0 = Release Unicode|Win32
		{FA01B726-9CF3-4FC5-81A6-5078E0BE0ECE}.Release|Win32.ActiveCfg = Release|Win32
		{FA01B726-9CF3-4FC5-81A6-5078E0BE0ECE}.Release|Win32.Build.0 = Release|Win32
		{FA01B726-9CF3-4FC5-81A6-5078E0BE0ECE}.Template|Win32.ActiveCfg = Template|Win32
		{FA01B726-9CF3-4FC5-81A6-5078E0BE0ECE}.Template|Win32.Build.0 = Template|Win32
		{8A2728C5-5D11-4861-9404-67627ABDE990}.Debug Unicode|Win32.ActiveCfg = Debug Unicode|Win32
		{8A2728C5-5D11-4861-9404-67627ABDE990}.Debug Unicode|Win32.Build.0 = Debug Unicode|Win32
		{8A2728C5-5D11-4861-9404-67627ABDE990}.Debug|Win32.ActiveCfg = Debug|Win32
		{8A2728C5-5D11-4861-9404-67627ABDE990}.Debug|Win32.Build.0 = Debug|Win32
		{8A2728C5-5D11-4861-9404-67627ABDE990}.Release Unicode|Win32.ActiveCfg = Release Unicode|Win32
		{8A2728C5-5D11-4861-9404-67627ABDE990}.Release Unicode|Win32.Build.0 = Release Unicode|Win32
		{8A2728C5-5D11-4861-9404-67627ABDE990}.Release|Win32.ActiveCfg = Release|Win32
		{8A2728C5-5D11-4861-9404-67627ABDE990}.Release|Win32.Build.0 = Release|Win32
		{8A2728C5-5D11-4861-9404-67627ABDE990}.Template|Win32.ActiveCfg = Template|Win32
		{8A2728C5-5D11-4861-9404-67627ABDE990}.Template|Win32.Build.0 = Template|Win32
		{7E4F5E85-82C8-4B7D-B66F-B64BC409D0EC}.Debug Unicode|Win32.ActiveCfg = Debug Unicode|Win32
		{7E4F5E85-82C8-4B7D-B66F-B64BC409D0EC}.Debug Unicode|Win32.Build.0 = Debug Unicode|Win32
		{7E4F5E85-82C8-4B7D-B66F-B64BC409D0EC}.Debug|Win32.ActiveCfg = Debug|Win32
		{7E4F5E85-82C8-4B7D-B66F-B64BC409D0EC}.Debug|Win32.Build.0 = Debug|Win32
		{7E4F5E85-82C8-4B7D-B66F-B64BC409D0EC}.Release Unicode|Win32.ActiveCfg = Release Unicode|Win32
		{7E4F5E85-82C8-4B7D-B66F-B64BC409D0EC}.Release Unicode|Win32.Build.0 = Release Unicode|Win32
		{7E4F5E85-82C8-4B7D-B66F-B64BC409D0EC}.Release|Win32.ActiveCfg = Release|Win32
		{7E4F5E85-82C8-4B7D-B66F-B64BC409D0EC}.Release|Win32.Build.0 = Release|Win32
		{7E4F5E85-82C8-4B7D-B66F-B64BC409D0EC}.Template|Win32.ActiveCfg = Template|Win32
		{7E4F5E85-82C8-4B7D-B66F-B64BC409D0EC}.Template|Win32.Build.0 = Template|Win32
	EndGlobalSection
	GlobalSection(SolutionProperties) = preSolution
		HideSolutionNode = FALSE
	EndGlobalSection
EndGlobal
