
Microsoft Visual Studio Solution File, Format Version 12.00
# Visual Studio Express 2013 for Windows Desktop
VisualStudioVersion = 12.0.21005.1
MinimumVisualStudioVersion = 10.0.40219.1
Project("{8BC9CEB8-8B4A-11D0-8D11-00A0C91BC942}") = "HelloWorld", "HelloWorld\HelloWorld.vcxproj", "{1CE1D8BB-583C-43CF-924F-1F647D0352F7}"
EndProject
Project("{8BC9CEB8-8B4A-11D0-8D11-00A0C91BC942}") = "Listener", "Listener\Listener.vcxproj", "{AD535D39-D784-45F1-BA85-B8C3D91923FA}"
EndProject
Project("{8BC9CEB8-8B4A-11D0-8D11-00A0C91BC942}") = "Overlapped", "Overlapped\Overlapped.vcxproj", "{1172D682-0AEB-463A-99D7-F0F6DFD5A8C6}"
EndProject
Project("{8BC9CEB8-8B4A-11D0-8D11-00A0C91BC942}") = "Serial", "Serial\Serial.vcxproj", "{890854D9-D3A0-442B-A5DE-DA1811984923}"
EndProject
Project("{8BC9CEB8-8B4A-11D0-8D11-00A0C91BC942}") = "SerialTestMFC", "SerialTestMFC\SerialTestMFC.vcxproj", "{0C5003A6-7661-414F-B56E-6B97897E45A8}"
EndProject
Global
	GlobalSection(SolutionConfigurationPlatforms) = preSolution
		Debug Unicode|Win32 = Debug Unicode|Win32
		Debug|Win32 = Debug|Win32
		Release Unicode|Win32 = Release Unicode|Win32
		Release|Win32 = Release|Win32
		Template|Win32 = Template|Win32
	EndGlobalSection
	GlobalSection(ProjectConfigurationPlatforms) = postSolution
		{1CE1D8BB-583C-43CF-924F-1F647D0352F7}.Debug Unicode|Win32.ActiveCfg = Debug Unicode|Win32
		{1CE1D8BB-583C-43CF-924F-1F647D0352F7}.Debug Unicode|Win32.Build.0 = Debug Unicode|Win32
		{1CE1D8BB-583C-43CF-924F-1F647D0352F7}.Debug|Win32.ActiveCfg = Debug|Win32
		{1CE1D8BB-583C-43CF-924F-1F647D0352F7}.Debug|Win32.Build.0 = Debug|Win32
		{1CE1D8BB-583C-43CF-924F-1F647D0352F7}.Release Unicode|Win32.ActiveCfg = Release Unicode|Win32
		{1CE1D8BB-583C-43CF-924F-1F647D0352F7}.Release Unicode|Win32.Build.0 = Release Unicode|Win32
		{1CE1D8BB-583C-43CF-924F-1F647D0352F7}.Release|Win32.ActiveCfg = Release|Win32
		{1CE1D8BB-583C-43CF-924F-1F647D0352F7}.Release|Win32.Build.0 = Release|Win32
		{1CE1D8BB-583C-43CF-924F-1F647D0352F7}.Template|Win32.ActiveCfg = Release Unicode|Win32
		{1CE1D8BB-583C-43CF-924F-1F647D0352F7}.Template|Win32.Build.0 = Release Unicode|Win32
		{AD535D39-D784-45F1-BA85-B8C3D91923FA}.Debug Unicode|Win32.ActiveCfg = Debug Unicode|Win32
		{AD535D39-D784-45F1-BA85-B8C3D91923FA}.Debug Unicode|Win32.Build.0 = Debug Unicode|Win32
		{AD535D39-D784-45F1-BA85-B8C3D91923FA}.Debug|Win32.ActiveCfg = Debug|Win32
		{AD535D39-D784-45F1-BA85-B8C3D91923FA}.Debug|Win32.Build.0 = Debug|Win32
		{AD535D39-D784-45F1-BA85-B8C3D91923FA}.Release Unicode|Win32.ActiveCfg = Release Unicode|Win32
		{AD535D39-D784-45F1-BA85-B8C3D91923FA}.Release Unicode|Win32.Build.0 = Release Unicode|Win32
		{AD535D39-D784-45F1-BA85-B8C3D91923FA}.Release|Win32.ActiveCfg = Release|Win32
		{AD535D39-D784-45F1-BA85-B8C3D91923FA}.Release|Win32.Build.0 = Release|Win32
		{AD535D39-D784-45F1-BA85-B8C3D91923FA}.Template|Win32.ActiveCfg = Template|Win32
		{AD535D39-D784-45F1-BA85-B8C3D91923FA}.Template|Win32.Build.0 = Template|Win32
		{1172D682-0AEB-463A-99D7-F0F6DFD5A8C6}.Debug Unicode|Win32.ActiveCfg = Debug Unicode|Win32
		{1172D682-0AEB-463A-99D7-F0F6DFD5A8C6}.Debug Unicode|Win32.Build.0 = Debug Unicode|Win32
		{1172D682-0AEB-463A-99D7-F0F6DFD5A8C6}.Debug|Win32.ActiveCfg = Debug|Win32
		{1172D682-0AEB-463A-99D7-F0F6DFD5A8C6}.Debug|Win32.Build.0 = Debug|Win32
		{1172D682-0AEB-463A-99D7-F0F6DFD5A8C6}.Release Unicode|Win32.ActiveCfg = Release Unicode|Win32
		{1172D682-0AEB-463A-99D7-F0F6DFD5A8C6}.Release Unicode|Win32.Build.0 = Release Unicode|Win32
		{1172D682-0AEB-463A-99D7-F0F6DFD5A8C6}.Release|Win32.ActiveCfg = Release|Win32
		{1172D682-0AEB-463A-99D7-F0F6DFD5A8C6}.Release|Win32.Build.0 = Release|Win32
		{1172D682-0AEB-463A-99D7-F0F6DFD5A8C6}.Template|Win32.ActiveCfg = Template|Win32
		{1172D682-0AEB-463A-99D7-F0F6DFD5A8C6}.Template|Win32.Build.0 = Template|Win32
		{890854D9-D3A0-442B-A5DE-DA1811984923}.Debug Unicode|Win32.ActiveCfg = Debug Unicode|Win32
		{890854D9-D3A0-442B-A5DE-DA1811984923}.Debug Unicode|Win32.Build.0 = Debug Unicode|Win32
		{890854D9-D3A0-442B-A5DE-DA1811984923}.Debug|Win32.ActiveCfg = Debug|Win32
		{890854D9-D3A0-442B-A5DE-DA1811984923}.Debug|Win32.Build.0 = Debug|Win32
		{890854D9-D3A0-442B-A5DE-DA1811984923}.Release Unicode|Win32.ActiveCfg = Release Unicode|Win32
		{890854D9-D3A0-442B-A5DE-DA1811984923}.Release Unicode|Win32.Build.0 = Release Unicode|Win32
		{890854D9-D3A0-442B-A5DE-DA1811984923}.Release|Win32.ActiveCfg = Release|Win32
		{890854D9-D3A0-442B-A5DE-DA1811984923}.Release|Win32.Build.0 = Release|Win32
		{890854D9-D3A0-442B-A5DE-DA1811984923}.Template|Win32.ActiveCfg = Template|Win32
		{890854D9-D3A0-442B-A5DE-DA1811984923}.Template|Win32.Build.0 = Template|Win32
		{0C5003A6-7661-414F-B56E-6B97897E45A8}.Debug Unicode|Win32.ActiveCfg = Debug Unicode|Win32
		{0C5003A6-7661-414F-B56E-6B97897E45A8}.Debug Unicode|Win32.Build.0 = Debug Unicode|Win32
		{0C5003A6-7661-414F-B56E-6B97897E45A8}.Debug|Win32.ActiveCfg = Debug|Win32
		{0C5003A6-7661-414F-B56E-6B97897E45A8}.Debug|Win32.Build.0 = Debug|Win32
		{0C5003A6-7661-414F-B56E-6B97897E45A8}.Release Unicode|Win32.ActiveCfg = Release Unicode|Win32
		{0C5003A6-7661-414F-B56E-6B97897E45A8}.Release Unicode|Win32.Build.0 = Release Unicode|Win32
		{0C5003A6-7661-414F-B56E-6B97897E45A8}.Release|Win32.ActiveCfg = Release|Win32
		{0C5003A6-7661-414F-B56E-6B97897E45A8}.Release|Win32.Build.0 = Release|Win32
		{0C5003A6-7661-414F-B56E-6B97897E45A8}.Template|Win32.ActiveCfg = Template|Win32
		{0C5003A6-7661-414F-B56E-6B97897E45A8}.Template|Win32.Build.0 = Template|Win32
	EndGlobalSection
	GlobalSection(SolutionProperties) = preSolution
		HideSolutionNode = FALSE
	EndGlobalSection
EndGlobal
